
Microsoft Visual Studio Solution File, Format Version 12.00
# Visual Studio Version 17
VisualStudioVersion = 17.2.32630.192
MinimumVisualStudioVersion = 10.0.40219.1
Project("{FAE04EC0-301F-11D3-BF4B-00C04F79EFBC}") = "AppointmentBookingPatientAPI", "AppointmentBookingPatientAPI\AppointmentBookingPatientAPI.csproj", "{863611A7-E799-44FC-9EE7-10DD9D71A1EE}"
EndProject
Global
	GlobalSection(SolutionConfigurationPlatforms) = preSolution
		Debug|Any CPU = Debug|Any CPU
		Release|Any CPU = Release|Any CPU
	EndGlobalSection
	GlobalSection(ProjectConfigurationPlatforms) = postSolution
		{863611A7-E799-44FC-9EE7-10DD9D71A1EE}.Debug|Any CPU.ActiveCfg = Debug|Any CPU
		{863611A7-E799-44FC-9EE7-10DD9D71A1EE}.Debug|Any CPU.Build.0 = Debug|Any CPU
		{863611A7-E799-44FC-9EE7-10DD9D71A1EE}.Release|Any CPU.ActiveCfg = Release|Any CPU
		{863611A7-E799-44FC-9EE7-10DD9D71A1EE}.Release|Any CPU.Build.0 = Release|Any CPU
	EndGlobalSection
	GlobalSection(SolutionProperties) = preSolution
		HideSolutionNode = FALSE
	EndGlobalSection
	GlobalSection(ExtensibilityGlobals) = postSolution
		SolutionGuid = {C1A03FC3-9B14-42B5-AD2B-AB3AE33496DA}
	EndGlobalSection
EndGlobal
